{
  "requires": true,
  "lockfileVersion": 1,
  "dependencies": {
    "@babel/runtime": {
      "version": "7.14.8",
      "resolved": "https://registry.npmjs.org/@babel/runtime/-/runtime-7.14.8.tgz",
      "integrity": "sha512-twj3L8Og5SaCRCErB4x4ajbvBIVV77CGeFglHpeg5WC5FF8TZzBWXtTJ4MqaD9QszLYTtr+IsaAL2rEUevb+eg==",
      "requires": {
        "regenerator-runtime": "^0.13.4"
      }
    },
    "@date-io/core": {
      "version": "2.11.0",
      "resolved": "https://registry.npmjs.org/@date-io/core/-/core-2.11.0.tgz",
      "integrity": "sha512-DvPBnNoeuLaoSJZaxgpu54qzRhRKjSYVyQjhznTFrllKuDpm0sDFjHo6lvNLCM/cfMx2gb2PM2zY2kc9C8nmuw=="
    },
    "@date-io/date-fns": {
      "version": "2.11.0",
      "resolved": "https://registry.npmjs.org/@date-io/date-fns/-/date-fns-2.11.0.tgz",
      "integrity": "sha512-mPQ71plBeFrArvBSHtjWMHXA89IUbZ6kuo2dsjlRC/1uNOybo91spIb+wTu03NxKTl8ut07s0jJ9svF71afpRg==",
      "requires": {
        "@date-io/core": "^2.11.0"
      }
    },
    "attr-accept": {
      "version": "1.1.3",
      "resolved": "https://registry.npmjs.org/attr-accept/-/attr-accept-1.1.3.tgz",
      "integrity": "sha512-iT40nudw8zmCweivz6j58g+RT33I4KbaIvRUhjNmDwO2WmsQUxFEZZYZ5w3vXe5x5MX9D7mfvA/XaLOZYFR9EQ==",
      "requires": {
        "core-js": "^2.5.0"
      }
    },
    "balanced-match": {
      "version": "1.0.2",
      "resolved": "https://registry.npmjs.org/balanced-match/-/balanced-match-1.0.2.tgz",
      "integrity": "sha512-3oSeUO0TMV67hN1AmbXsK4yaqU7tjiHlbxRDZOpH0KW9+CeX4bRAaX0Anxt0tx2MrpRpWwQaPwIlISEJhYU5Pw=="
    },
    "baseui": {
      "version": "9.116.3",
      "resolved": "https://registry.npmjs.org/baseui/-/baseui-9.116.3.tgz",
      "integrity": "sha512-vpI47GRJ7N6Lt+r8tAip747eM3M1RwaFi9hyVJpPRDS7CUX2N7nRWLVSMrBZ75ZeEejWvIQ6WrLNnf1eTXwZ3Q==",
      "requires": {
        "@date-io/date-fns": "^2.6.2",
        "card-validator": "^6.2.0",
        "date-fns": "^2.6.0",
        "glob": "^7.1.6",
        "just-extend": "^4.0.2",
        "memoize-one": "^5.1.1",
        "polished": "^3.2.0",
        "popper.js": "^1.16.0",
        "react-dropzone": "^9.0.0",
        "react-focus-lock": "^2.2.1",
        "react-input-mask": "^2.0.4",
        "react-is": "^16.8.6",
        "react-movable": "^2.5.4",
        "react-multi-ref": "^1.0.0",
        "react-range": "^1.8.0",
        "react-uid": "^2.3.0",
        "react-virtualized": "^9.21.1",
        "react-virtualized-auto-sizer": "^1.0.2",
        "react-window": "^1.8.5",
        "resize-observer-polyfill": "^1.5.1",
        "timezone-support": "^2.0.2"
      },
      "dependencies": {
        "react-virtualized": {
          "version": "9.22.3",
          "resolved": "https://registry.npmjs.org/react-virtualized/-/react-virtualized-9.22.3.tgz",
          "integrity": "sha512-MKovKMxWTcwPSxE1kK1HcheQTWfuCxAuBoSTf2gwyMM21NdX/PXUhnoP8Uc5dRKd+nKm8v41R36OellhdCpkrw==",
          "requires": {
            "@babel/runtime": "^7.7.2",
            "clsx": "^1.0.4",
            "dom-helpers": "^5.1.3",
            "loose-envify": "^1.4.0",
            "prop-types": "^15.7.2",
            "react-lifecycles-compat": "^3.0.4"
          }
        }
      }
    },
    "brace-expansion": {
      "version": "1.1.11",
      "resolved": "https://registry.npmjs.org/brace-expansion/-/brace-expansion-1.1.11.tgz",
      "integrity": "sha512-iCuPHDFgrHX7H2vEI/5xpz07zSHB00TpugqhmYtVmMO6518mCuRMoOYFldEBl0g187ufozdaHgWKcYFb61qGiA==",
      "requires": {
        "balanced-match": "^1.0.0",
        "concat-map": "0.0.1"
      }
    },
    "card-validator": {
      "version": "6.2.0",
      "resolved": "https://registry.npmjs.org/card-validator/-/card-validator-6.2.0.tgz",
      "integrity": "sha512-1vYv45JaE9NmixZr4dl6ykzbFKv7imI9L7MQDs235b/a7EGbG8rrEsipeHtVvscLSUbl3RX6UP5gyOe0Y2FlHA==",
      "requires": {
        "credit-card-type": "^8.0.0"
      }
    },
    "clsx": {
      "version": "1.1.1",
      "resolved": "https://registry.npmjs.org/clsx/-/clsx-1.1.1.tgz",
      "integrity": "sha512-6/bPho624p3S2pMyvP5kKBPXnI3ufHLObBFCfgx+LkeR5lg2XYy2hqZqUf45ypD8COn2bhgGJSUE+l5dhNBieA=="
    },
    "commander": {
      "version": "2.20.0",
      "resolved": "https://registry.npmjs.org/commander/-/commander-2.20.0.tgz",
      "integrity": "sha512-7j2y+40w61zy6YC2iRNpUe/NwhNyoXrYpHMrSunaMG64nRnaf96zO/KMQR4OyN/UnE5KLyEBnKHd4aG3rskjpQ=="
    },
    "concat-map": {
      "version": "0.0.1",
      "resolved": "https://registry.npmjs.org/concat-map/-/concat-map-0.0.1.tgz",
      "integrity": "sha1-2Klr13/Wjfd5OnMDajug1UBdR3s="
    },
    "core-js": {
      "version": "2.6.12",
      "resolved": "https://registry.npmjs.org/core-js/-/core-js-2.6.12.tgz",
      "integrity": "sha512-Kb2wC0fvsWfQrgk8HU5lW6U/Lcs8+9aaYcy4ZFc6DDlo4nZ7n70dEgE5rtR0oG6ufKDUnrwfWL1mXR5ljDatrQ=="
    },
    "credit-card-type": {
      "version": "8.3.0",
      "resolved": "https://registry.npmjs.org/credit-card-type/-/credit-card-type-8.3.0.tgz",
      "integrity": "sha512-czfZUpQ7W9CDxZL4yFLb1kFtM/q2lTOY975hL2aO+DC8+GRNDVSXVCHXhVFZPxiUKmQCZbFP8vIhxx5TBQaThw=="
    },
    "csstype": {
      "version": "3.0.8",
      "resolved": "https://registry.npmjs.org/csstype/-/csstype-3.0.8.tgz",
      "integrity": "sha512-jXKhWqXPmlUeoQnF/EhTtTl4C9SnrxSH/jZUih3jmO6lBKr99rP3/+FmrMj4EFpOXzMtXHAZkd3x0E6h6Fgflw=="
    },
    "date-fns": {
      "version": "2.23.0",
      "resolved": "https://registry.npmjs.org/date-fns/-/date-fns-2.23.0.tgz",
      "integrity": "sha512-5ycpauovVyAk0kXNZz6ZoB9AYMZB4DObse7P3BPWmyEjXNORTI8EJ6X0uaSAq4sCHzM1uajzrkr6HnsLQpxGXA=="
    },
    "detect-node-es": {
      "version": "1.1.0",
      "resolved": "https://registry.npmjs.org/detect-node-es/-/detect-node-es-1.1.0.tgz",
      "integrity": "sha512-ypdmJU/TbBby2Dxibuv7ZLW3Bs1QEmM7nHjEANfohJLvE0XVujisn1qPJcZxg+qDucsr+bP6fLD1rPS3AhJ7EQ=="
    },
    "dom-helpers": {
      "version": "5.2.1",
      "resolved": "https://registry.npmjs.org/dom-helpers/-/dom-helpers-5.2.1.tgz",
      "integrity": "sha512-nRCa7CK3VTrM2NmGkIy4cbK7IZlgBE/PYMn55rrXefr5xXDP0LdtfPnblFDoVdcAfslJ7or6iqAUnx0CCGIWQA==",
      "requires": {
        "@babel/runtime": "^7.8.7",
        "csstype": "^3.0.2"
      }
    },
    "file-selector": {
      "version": "0.1.19",
      "resolved": "https://registry.npmjs.org/file-selector/-/file-selector-0.1.19.tgz",
      "integrity": "sha512-kCWw3+Aai8Uox+5tHCNgMFaUdgidxvMnLWO6fM5sZ0hA2wlHP5/DHGF0ECe84BiB95qdJbKNEJhWKVDvMN+JDQ==",
      "requires": {
        "tslib": "^2.0.1"
      }
    },
    "focus-lock": {
      "version": "0.9.1",
      "resolved": "https://registry.npmjs.org/focus-lock/-/focus-lock-0.9.1.tgz",
      "integrity": "sha512-/2Nj60Cps6yOLSO+CkVbeSKfwfns5XbX6HOedIK9PdzODP04N9c3xqOcPXayN0WsT9YjJvAnXmI0NdqNIDf5Kw==",
      "requires": {
        "tslib": "^2.0.3"
      }
    },
    "fs.realpath": {
      "version": "1.0.0",
      "resolved": "https://registry.npmjs.org/fs.realpath/-/fs.realpath-1.0.0.tgz",
      "integrity": "sha1-FQStJSMVjKpA20onh8sBQRmU6k8="
    },
    "glob": {
      "version": "7.1.7",
      "resolved": "https://registry.npmjs.org/glob/-/glob-7.1.7.tgz",
      "integrity": "sha512-OvD9ENzPLbegENnYP5UUfJIirTg4+XwMWGaQfQTY0JenxNvvIKP3U3/tAQSPIu/lHxXYSZmpXlUHeqAIdKzBLQ==",
      "requires": {
        "fs.realpath": "^1.0.0",
        "inflight": "^1.0.4",
        "inherits": "2",
        "minimatch": "^3.0.4",
        "once": "^1.3.0",
        "path-is-absolute": "^1.0.0"
      }
    },
    "inflight": {
      "version": "1.0.6",
      "resolved": "https://registry.npmjs.org/inflight/-/inflight-1.0.6.tgz",
      "integrity": "sha1-Sb1jMdfQLQwJvJEKEHW6gWW1bfk=",
      "requires": {
        "once": "^1.3.0",
        "wrappy": "1"
      }
    },
    "inherits": {
      "version": "2.0.4",
      "resolved": "https://registry.npmjs.org/inherits/-/inherits-2.0.4.tgz",
      "integrity": "sha512-k/vGaX4/Yla3WzyMCvTQOXYeIHvqOKtnqBduzTHpzpQZzAskKMhZ2K+EnBiSM9zGSoIFeMpXKxa4dYeZIQqewQ=="
    },
    "invariant": {
      "version": "2.2.4",
      "resolved": "https://registry.npmjs.org/invariant/-/invariant-2.2.4.tgz",
      "integrity": "sha512-phJfQVBuaJM5raOpJjSfkiD6BpbCE4Ns//LaXl6wGYtUBY83nWS6Rf9tXm2e8VaK60JEjYldbPif/A2B1C2gNA==",
      "requires": {
        "loose-envify": "^1.0.0"
      }
    },
    "js-tokens": {
      "version": "4.0.0",
      "resolved": "https://registry.npmjs.org/js-tokens/-/js-tokens-4.0.0.tgz",
      "integrity": "sha512-RdJUflcE3cUzKiMqQgsCu06FPu9UdIJO0beYbPhHN4k6apgJtifcoCtT9bcxOpYBtpD2kCM6Sbzg4CausW/PKQ=="
    },
    "just-extend": {
      "version": "4.2.1",
      "resolved": "https://registry.npmjs.org/just-extend/-/just-extend-4.2.1.tgz",
      "integrity": "sha512-g3UB796vUFIY90VIv/WX3L2c8CS2MdWUww3CNrYmqza1Fg0DURc2K/O4YrnklBdQarSJ/y8JnJYDGc+1iumQjg=="
    },
    "loose-envify": {
      "version": "1.4.0",
      "resolved": "https://registry.npmjs.org/loose-envify/-/loose-envify-1.4.0.tgz",
      "integrity": "sha512-lyuxPGr/Wfhrlem2CL/UcnUc1zcqKAImBDzukY7Y5F/yQiNdko6+fRLevlw1HgMySw7f611UIY408EtxRSoK3Q==",
      "requires": {
        "js-tokens": "^3.0.0 || ^4.0.0"
      }
    },
    "memoize-one": {
      "version": "5.2.1",
      "resolved": "https://registry.npmjs.org/memoize-one/-/memoize-one-5.2.1.tgz",
      "integrity": "sha512-zYiwtZUcYyXKo/np96AGZAckk+FWWsUdJ3cHGGmld7+AhvcWmQyGCYUh1hc4Q/pkOhb65dQR/pqCyK0cOaHz4Q=="
    },
    "minimatch": {
      "version": "3.0.4",
      "resolved": "https://registry.npmjs.org/minimatch/-/minimatch-3.0.4.tgz",
      "integrity": "sha512-yJHVQEhyqPLUTgt9B83PXu6W3rx4MvvHvSUvToogpwoGDOUQ+yDrR0HRot+yOCdCO7u4hX3pWft6kWBBcqh0UA==",
      "requires": {
        "brace-expansion": "^1.1.7"
      }
    },
    "object-assign": {
      "version": "4.1.1",
      "resolved": "https://registry.npmjs.org/object-assign/-/object-assign-4.1.1.tgz",
      "integrity": "sha1-IQmtx5ZYh8/AXLvUQsrIv7s2CGM="
    },
    "once": {
      "version": "1.4.0",
      "resolved": "https://registry.npmjs.org/once/-/once-1.4.0.tgz",
      "integrity": "sha1-WDsap3WWHUsROsF9nFC6753Xa9E=",
      "requires": {
        "wrappy": "1"
      }
    },
    "path-is-absolute": {
      "version": "1.0.1",
      "resolved": "https://registry.npmjs.org/path-is-absolute/-/path-is-absolute-1.0.1.tgz",
      "integrity": "sha1-F0uSaHNVNP+8es5r9TpanhtcX18="
    },
    "polished": {
      "version": "3.7.2",
      "resolved": "https://registry.npmjs.org/polished/-/polished-3.7.2.tgz",
      "integrity": "sha512-pQKtpZGmsZrW8UUpQMAnR7s3ppHeMQVNyMDKtUyKwuvDmklzcEyM5Kllb3JyE/sE/x7arDmyd35i+4vp99H6sQ==",
      "requires": {
        "@babel/runtime": "^7.12.5"
      }
    },
    "popper.js": {
      "version": "1.16.1",
      "resolved": "https://registry.npmjs.org/popper.js/-/popper.js-1.16.1.tgz",
      "integrity": "sha512-Wb4p1J4zyFTbM+u6WuO4XstYx4Ky9Cewe4DWrel7B0w6VVICvPwdOpotjzcf6eD8TsckVnIMNONQyPIUFOUbCQ=="
    },
    "prop-types": {
      "version": "15.7.2",
      "resolved": "https://registry.npmjs.org/prop-types/-/prop-types-15.7.2.tgz",
      "integrity": "sha512-8QQikdH7//R2vurIJSutZ1smHYTcLpRWEOlHnzcWHmBYrOGUysKwSsrC89BCiFj3CbrfJ/nXFdJepOVrY1GCHQ==",
      "requires": {
        "loose-envify": "^1.4.0",
        "object-assign": "^4.1.1",
        "react-is": "^16.8.1"
      }
    },
    "prop-types-extra": {
      "version": "1.1.1",
      "resolved": "https://registry.npmjs.org/prop-types-extra/-/prop-types-extra-1.1.1.tgz",
      "integrity": "sha512-59+AHNnHYCdiC+vMwY52WmvP5dM3QLeoumYuEyceQDi9aEhtwN9zIQ2ZNo25sMyXnbh32h+P1ezDsUpUH3JAew==",
      "requires": {
        "react-is": "^16.3.2",
        "warning": "^4.0.0"
      }
    },
    "react-clientside-effect": {
      "version": "1.2.5",
      "resolved": "https://registry.npmjs.org/react-clientside-effect/-/react-clientside-effect-1.2.5.tgz",
      "integrity": "sha512-2bL8qFW1TGBHozGGbVeyvnggRpMjibeZM2536AKNENLECutp2yfs44IL8Hmpn8qjFQ2K7A9PnYf3vc7aQq/cPA==",
      "requires": {
        "@babel/runtime": "^7.12.13"
      }
    },
    "react-dropzone": {
      "version": "9.0.0",
      "resolved": "https://registry.npmjs.org/react-dropzone/-/react-dropzone-9.0.0.tgz",
      "integrity": "sha512-wZ2o9B2qkdE3RumWhfyZT9swgJYJPeU5qHEcMU8weYpmLex1eeWX0CC32/Y0VutB+BBi2D+iePV/YZIiB4kZGw==",
      "requires": {
        "attr-accept": "^1.1.3",
        "file-selector": "^0.1.8",
        "prop-types": "^15.6.2",
        "prop-types-extra": "^1.1.0"
      }
    },
    "react-focus-lock": {
      "version": "2.5.2",
      "resolved": "https://registry.npmjs.org/react-focus-lock/-/react-focus-lock-2.5.2.tgz",
      "integrity": "sha512-WzpdOnEqjf+/A3EH9opMZWauag7gV0BxFl+EY4ElA4qFqYsUsBLnmo2sELbN5OC30S16GAWMy16B9DLPpdJKAQ==",
      "requires": {
        "@babel/runtime": "^7.0.0",
        "focus-lock": "^0.9.1",
        "prop-types": "^15.6.2",
        "react-clientside-effect": "^1.2.5",
        "use-callback-ref": "^1.2.5",
        "use-sidecar": "^1.0.5"
      }
    },
    "react-input-mask": {
      "version": "2.0.4",
      "resolved": "https://registry.npmjs.org/react-input-mask/-/react-input-mask-2.0.4.tgz",
      "integrity": "sha512-1hwzMr/aO9tXfiroiVCx5EtKohKwLk/NT8QlJXHQ4N+yJJFyUuMT+zfTpLBwX/lK3PkuMlievIffncpMZ3HGRQ==",
      "requires": {
        "invariant": "^2.2.4",
        "warning": "^4.0.2"
      }
    },
    "react-is": {
      "version": "16.13.1",
      "resolved": "https://registry.npmjs.org/react-is/-/react-is-16.13.1.tgz",
      "integrity": "sha512-24e6ynE2H+OKt4kqsOvNd8kBpV65zoxbA4BVsEOB3ARVWQki/DHzaUoC5KuON/BiccDaCCTZBuOcfZs70kR8bQ=="
    },
    "react-lifecycles-compat": {
      "version": "3.0.4",
      "resolved": "https://registry.npmjs.org/react-lifecycles-compat/-/react-lifecycles-compat-3.0.4.tgz",
      "integrity": "sha512-fBASbA6LnOU9dOU2eW7aQ8xmYBSXUIWr+UmF9b1efZBazGNO+rcXT/icdKnYm2pTwcRylVUYwW7H1PHfLekVzA=="
    },
    "react-movable": {
      "version": "2.5.4",
      "resolved": "https://registry.npmjs.org/react-movable/-/react-movable-2.5.4.tgz",
      "integrity": "sha512-F+Ml4Il9S7uyY2Nr/UzwnXxWewwsHdQkmwgzAjk+Dsz73sy2yCJk7GkQkdqmh8W6XXTlviepz1VA0eHUWh9MZQ=="
    },
    "react-multi-ref": {
      "version": "1.0.0",
      "resolved": "https://registry.npmjs.org/react-multi-ref/-/react-multi-ref-1.0.0.tgz",
      "integrity": "sha512-LJuQXEabnv8JLcvcWeJcTogxG4eXVFiPfQ9CECuwWUbfJdrVpPf13m9RxmImyJS0J99BWokGn7dlR1dR06XPDw==",
      "requires": {
        "@babel/runtime": "^7.1.2"
      }
    },
    "react-range": {
      "version": "1.8.9",
      "resolved": "https://registry.npmjs.org/react-range/-/react-range-1.8.9.tgz",
      "integrity": "sha512-rDR9NEmIYBsMYJY+bCTnY17I1NT9jlI0m2wM2yiddkRN6GygTGjylTnNGlpAh8chohABwb58XCtyOIvRGcTosw=="
    },
    "react-uid": {
      "version": "2.3.1",
      "resolved": "https://registry.npmjs.org/react-uid/-/react-uid-2.3.1.tgz",
      "integrity": "sha512-6C5pwNYP1udgp5feQ9MTBZBKD4su9nhD2aYCFY1bB0Bpask8wYKYz0ZhAtAJ4lcmTDC5kY1ByGTQMFDHQW6p0w==",
      "requires": {
        "tslib": "^1.10.0"
      },
      "dependencies": {
        "tslib": {
          "version": "1.14.1",
          "resolved": "https://registry.npmjs.org/tslib/-/tslib-1.14.1.tgz",
          "integrity": "sha512-Xni35NKzjgMrwevysHTCArtLDpPvye8zV/0E4EyYn43P7/7qvQwPh9BGkHewbMulVntbigmcT7rdX3BNo9wRJg=="
        }
      }
    },
    "react-virtualized-auto-sizer": {
      "version": "1.0.5",
      "resolved": "https://registry.npmjs.org/react-virtualized-auto-sizer/-/react-virtualized-auto-sizer-1.0.5.tgz",
      "integrity": "sha512-kivjYVWX15TX2IUrm8F1jaCEX8EXrpy3DD+u41WGqJ1ZqbljWpiwscV+VxOM1l7sSIM1jwi2LADjhhAJkJ9dxA=="
    },
    "react-window": {
      "version": "1.8.6",
      "resolved": "https://registry.npmjs.org/react-window/-/react-window-1.8.6.tgz",
      "integrity": "sha512-8VwEEYyjz6DCnGBsd+MgkD0KJ2/OXFULyDtorIiTz+QzwoP94tBoA7CnbtyXMm+cCeAUER5KJcPtWl9cpKbOBg==",
      "requires": {
        "@babel/runtime": "^7.0.0",
        "memoize-one": ">=3.1.1 <6"
      }
    },
    "regenerator-runtime": {
      "version": "0.13.9",
      "resolved": "https://registry.npmjs.org/regenerator-runtime/-/regenerator-runtime-0.13.9.tgz",
      "integrity": "sha512-p3VT+cOEgxFsRRA9X4lkI1E+k2/CtnKtU4gcxyaCUreilL/vqI6CdZ3wxVUx3UOUg+gnUOQQcRI7BmSI656MYA=="
    },
    "resize-observer-polyfill": {
      "version": "1.5.1",
      "resolved": "https://registry.npmjs.org/resize-observer-polyfill/-/resize-observer-polyfill-1.5.1.tgz",
      "integrity": "sha512-LwZrotdHOo12nQuZlHEmtuXdqGoOD0OhaxopaNFxWzInpEgaLWoVuAMbTzixuosCx2nEG58ngzW3vxdWoxIgdg=="
    },
    "timezone-support": {
      "version": "2.0.2",
      "resolved": "https://registry.npmjs.org/timezone-support/-/timezone-support-2.0.2.tgz",
      "integrity": "sha512-J/1PyHCX76vOPuJzCyHMQMH2wTjXCJ30R5EXaS/QTi+xYsL0thS0pubDrHCWnfG4zU1jpPJtctnBBRCOpcJZeQ==",
      "requires": {
        "commander": "2.20.0"
      }
    },
    "tslib": {
      "version": "2.3.0",
      "resolved": "https://registry.npmjs.org/tslib/-/tslib-2.3.0.tgz",
      "integrity": "sha512-N82ooyxVNm6h1riLCoyS9e3fuJ3AMG2zIZs2Gd1ATcSFjSA23Q0fzjjZeh0jbJvWVDZ0cJT8yaNNaaXHzueNjg=="
    },
    "use-callback-ref": {
      "version": "1.2.5",
      "resolved": "https://registry.npmjs.org/use-callback-ref/-/use-callback-ref-1.2.5.tgz",
      "integrity": "sha512-gN3vgMISAgacF7sqsLPByqoePooY3n2emTH59Ur5d/M8eg4WTWu1xp8i8DHjohftIyEx0S08RiYxbffr4j8Peg=="
    },
    "use-sidecar": {
      "version": "1.0.5",
      "resolved": "https://registry.npmjs.org/use-sidecar/-/use-sidecar-1.0.5.tgz",
      "integrity": "sha512-k9jnrjYNwN6xYLj1iaGhonDghfvmeTmYjAiGvOr7clwKfPjMXJf4/HOr7oT5tJwYafgp2tG2l3eZEOfoELiMcA==",
      "requires": {
        "detect-node-es": "^1.1.0",
        "tslib": "^1.9.3"
      },
      "dependencies": {
        "tslib": {
          "version": "1.14.1",
          "resolved": "https://registry.npmjs.org/tslib/-/tslib-1.14.1.tgz",
          "integrity": "sha512-Xni35NKzjgMrwevysHTCArtLDpPvye8zV/0E4EyYn43P7/7qvQwPh9BGkHewbMulVntbigmcT7rdX3BNo9wRJg=="
        }
      }
    },
    "warning": {
      "version": "4.0.3",
      "resolved": "https://registry.npmjs.org/warning/-/warning-4.0.3.tgz",
      "integrity": "sha512-rpJyN222KWIvHJ/F53XSZv0Zl/accqHR8et1kpaMTD/fLCRxtV8iX8czMzY7sVZupTI3zcUTg8eycS2kNF9l6w==",
      "requires": {
        "loose-envify": "^1.0.0"
      }
    },
    "wrappy": {
      "version": "1.0.2",
      "resolved": "https://registry.npmjs.org/wrappy/-/wrappy-1.0.2.tgz",
      "integrity": "sha1-tSQ9jz7BqjXxNkYFvA0QNuMKtp8="
    }
  }
}
